// !$*UTF8*$!
{
	archiveVersion = 1;
	classes = {
	};
	objectVersion = 46;
	objects = {

/* Begin PBXBuildFile section */
		1C748C2D1C21952C0024EED2 /* kern_start.cpp in Sources */ = {isa = PBXBuildFile; fileRef = 1C748C2C1C21952C0024EED2 /* kern_start.cpp */; };
		1C9CB7B01C789FF500231E41 /* kern_rad.cpp in Sources */ = {isa = PBXBuildFile; fileRef = 1C9CB7AE1C789FF500231E41 /* kern_rad.cpp */; };
		1C9CB7B11C789FF500231E41 /* kern_rad.hpp in Headers */ = {isa = PBXBuildFile; fileRef = 1C9CB7AF1C789FF500231E41 /* kern_rad.hpp */; };
		CE271B4A1F300B6200D2BC1C /* kern_audio.cpp in Sources */ = {isa = PBXBuildFile; fileRef = CE271B481F300B6200D2BC1C /* kern_audio.cpp */; };
		CE271B4B1F300B6200D2BC1C /* kern_audio.hpp in Headers */ = {isa = PBXBuildFile; fileRef = CE271B491F300B6200D2BC1C /* kern_audio.hpp */; };
		CE405EC91E49DD9700AA0B3D /* libkmod.a in Frameworks */ = {isa = PBXBuildFile; fileRef = CE405EC71E49DD7100AA0B3D /* libkmod.a */; };
		CE405ED91E4A080700AA0B3D /* plugin_start.cpp in Sources */ = {isa = PBXBuildFile; fileRef = CE405ED81E4A080700AA0B3D /* plugin_start.cpp */; };
		CE8190A21F1E3ECE00DE95F4 /* kern_model.cpp in Sources */ = {isa = PBXBuildFile; fileRef = CE8190A11F1E3ECE00DE95F4 /* kern_model.cpp */; };
		CEB402A61F17F5C400716912 /* kern_con.hpp in Headers */ = {isa = PBXBuildFile; fileRef = CEB402A41F17F5C400716912 /* kern_con.hpp */; };
/* End PBXBuildFile section */

/* Begin PBXCopyFilesBuildPhase section */
		1C642F521C8F157A006B4C51 /* CopyFiles */ = {
			isa = PBXCopyFilesBuildPhase;
			buildActionMask = 2147483647;
			dstPath = "";
			dstSubfolderSpec = 13;
			files = (
			);
			runOnlyForDeploymentPostprocessing = 0;
		};
/* End PBXCopyFilesBuildPhase section */

/* Begin PBXFileReference section */
		1C748C271C21952C0024EED2 /* WhateverGreen.kext */ = {isa = PBXFileReference; explicitFileType = wrapper.cfbundle; includeInIndex = 0; path = WhateverGreen.kext; sourceTree = BUILT_PRODUCTS_DIR; };
		1C748C2C1C21952C0024EED2 /* kern_start.cpp */ = {isa = PBXFileReference; lastKnownFileType = sourcecode.cpp.cpp; path = kern_start.cpp; sourceTree = "<group>"; };
		1C748C2E1C21952C0024EED2 /* Info.plist */ = {isa = PBXFileReference; lastKnownFileType = text.plist.xml; path = Info.plist; sourceTree = "<group>"; };
		1C9CB7AE1C789FF500231E41 /* kern_rad.cpp */ = {isa = PBXFileReference; fileEncoding = 4; lastKnownFileType = sourcecode.cpp.cpp; path = kern_rad.cpp; sourceTree = "<group>"; };
		1C9CB7AF1C789FF500231E41 /* kern_rad.hpp */ = {isa = PBXFileReference; fileEncoding = 4; lastKnownFileType = sourcecode.cpp.h; path = kern_rad.hpp; sourceTree = "<group>"; };
		1CF01C901C8CF97F002DCEA3 /* README.md */ = {isa = PBXFileReference; lastKnownFileType = net.daringfireball.markdown; path = README.md; sourceTree = "<group>"; };
		1CF01C921C8CF997002DCEA3 /* Changelog.md */ = {isa = PBXFileReference; lastKnownFileType = net.daringfireball.markdown; path = Changelog.md; sourceTree = "<group>"; };
		1CF01C931C8DF02E002DCEA3 /* LICENSE.txt */ = {isa = PBXFileReference; lastKnownFileType = text; path = LICENSE.txt; sourceTree = "<group>"; };
		CE271B481F300B6200D2BC1C /* kern_audio.cpp */ = {isa = PBXFileReference; fileEncoding = 4; lastKnownFileType = sourcecode.cpp.cpp; path = kern_audio.cpp; sourceTree = "<group>"; };
		CE271B491F300B6200D2BC1C /* kern_audio.hpp */ = {isa = PBXFileReference; fileEncoding = 4; lastKnownFileType = sourcecode.cpp.h; path = kern_audio.hpp; sourceTree = "<group>"; };
		CE271B4C1F319BD000D2BC1C /* reference.cpp */ = {isa = PBXFileReference; lastKnownFileType = sourcecode.cpp.cpp; path = reference.cpp; sourceTree = "<group>"; };
		CE405EBA1E49DD7100AA0B3D /* kern_compression.hpp */ = {isa = PBXFileReference; lastKnownFileType = sourcecode.cpp.h; path = kern_compression.hpp; sourceTree = "<group>"; };
		CE405EBB1E49DD7100AA0B3D /* kern_disasm.hpp */ = {isa = PBXFileReference; lastKnownFileType = sourcecode.cpp.h; path = kern_disasm.hpp; sourceTree = "<group>"; };
		CE405EBC1E49DD7100AA0B3D /* kern_file.hpp */ = {isa = PBXFileReference; lastKnownFileType = sourcecode.cpp.h; path = kern_file.hpp; sourceTree = "<group>"; };
		CE405EBD1E49DD7100AA0B3D /* kern_iokit.hpp */ = {isa = PBXFileReference; lastKnownFileType = sourcecode.cpp.h; path = kern_iokit.hpp; sourceTree = "<group>"; };
		CE405EBE1E49DD7100AA0B3D /* kern_mach.hpp */ = {isa = PBXFileReference; lastKnownFileType = sourcecode.cpp.h; path = kern_mach.hpp; sourceTree = "<group>"; };
		CE405EBF1E49DD7100AA0B3D /* kern_patcher.hpp */ = {isa = PBXFileReference; lastKnownFileType = sourcecode.cpp.h; path = kern_patcher.hpp; sourceTree = "<group>"; };
		CE405EC01E49DD7100AA0B3D /* kern_policy.hpp */ = {isa = PBXFileReference; lastKnownFileType = sourcecode.cpp.h; path = kern_policy.hpp; sourceTree = "<group>"; };
		CE405EC31E49DD7100AA0B3D /* kern_user.hpp */ = {isa = PBXFileReference; lastKnownFileType = sourcecode.cpp.h; path = kern_user.hpp; sourceTree = "<group>"; };
		CE405EC41E49DD7100AA0B3D /* kern_util.hpp */ = {isa = PBXFileReference; lastKnownFileType = sourcecode.cpp.h; path = kern_util.hpp; sourceTree = "<group>"; };
		CE405EC61E49DD7100AA0B3D /* LegacyIOService.h */ = {isa = PBXFileReference; lastKnownFileType = sourcecode.c.h; path = LegacyIOService.h; sourceTree = "<group>"; };
		CE405EC71E49DD7100AA0B3D /* libkmod.a */ = {isa = PBXFileReference; lastKnownFileType = archive.ar; path = libkmod.a; sourceTree = "<group>"; };
		CE405ECF1E49EC9100AA0B3D /* kern_config.hpp */ = {isa = PBXFileReference; fileEncoding = 4; lastKnownFileType = sourcecode.cpp.h; path = kern_config.hpp; sourceTree = "<group>"; };
		CE405ED21E49F9FC00AA0B3D /* kern_api.hpp */ = {isa = PBXFileReference; lastKnownFileType = sourcecode.cpp.h; path = kern_api.hpp; sourceTree = "<group>"; };
		CE405ED81E4A080700AA0B3D /* plugin_start.cpp */ = {isa = PBXFileReference; fileEncoding = 4; lastKnownFileType = sourcecode.cpp.cpp; path = plugin_start.cpp; sourceTree = "<group>"; };
		CE405EDA1E4A080F00AA0B3D /* plugin_start.hpp */ = {isa = PBXFileReference; lastKnownFileType = sourcecode.cpp.h; path = plugin_start.hpp; sourceTree = "<group>"; };
		CE41E4F91F2C4B5700AA5944 /* build.tool */ = {isa = PBXFileReference; lastKnownFileType = text.script.sh; path = build.tool; sourceTree = "<group>"; };
		CE41E4FA1F2C4B5700AA5944 /* rd_route.c */ = {isa = PBXFileReference; lastKnownFileType = sourcecode.c.c; path = rd_route.c; sourceTree = "<group>"; };
		CE41E4FB1F2C4B5700AA5944 /* rd_route.h */ = {isa = PBXFileReference; lastKnownFileType = sourcecode.c.h; path = rd_route.h; sourceTree = "<group>"; };
		CE41E4FC1F2C4B5700AA5944 /* WhateverName.mm */ = {isa = PBXFileReference; lastKnownFileType = sourcecode.cpp.objcpp; path = WhateverName.mm; sourceTree = "<group>"; };
		CE41E4FE1F2C547200AA5944 /* WhateverName.app */ = {isa = PBXFileReference; lastKnownFileType = wrapper.application; path = WhateverName.app; sourceTree = "<group>"; };
		CE8190A11F1E3ECE00DE95F4 /* kern_model.cpp */ = {isa = PBXFileReference; fileEncoding = 4; lastKnownFileType = sourcecode.cpp.cpp; path = kern_model.cpp; sourceTree = "<group>"; };
		CEAEA1171F26905A00918651 /* FAQ.en.md */ = {isa = PBXFileReference; lastKnownFileType = net.daringfireball.markdown; path = FAQ.en.md; sourceTree = "<group>"; };
		CEAEA1181F26905A00918651 /* FAQ.ru.md */ = {isa = PBXFileReference; lastKnownFileType = net.daringfireball.markdown; path = FAQ.ru.md; sourceTree = "<group>"; };
		CEAEA1191F26905A00918651 /* Sample.dsl */ = {isa = PBXFileReference; lastKnownFileType = text; path = Sample.dsl; sourceTree = "<group>"; };
		CEB402A41F17F5C400716912 /* kern_con.hpp */ = {isa = PBXFileReference; fileEncoding = 4; lastKnownFileType = sourcecode.cpp.h; path = kern_con.hpp; sourceTree = "<group>"; };
		CEB402A71F181D8300716912 /* kern_atom.hpp */ = {isa = PBXFileReference; lastKnownFileType = sourcecode.cpp.h; path = kern_atom.hpp; sourceTree = "<group>"; };
/* End PBXFileReference section */

/* Begin PBXFrameworksBuildPhase section */
		1C748C231C21952C0024EED2 /* Frameworks */ = {
			isa = PBXFrameworksBuildPhase;
			buildActionMask = 2147483647;
			files = (
				CE405EC91E49DD9700AA0B3D /* libkmod.a in Frameworks */,
			);
			runOnlyForDeploymentPostprocessing = 0;
		};
/* End PBXFrameworksBuildPhase section */

/* Begin PBXGroup section */
		1C748C1D1C21952C0024EED2 = {
			isa = PBXGroup;
			children = (
				1CF01C911C8CF982002DCEA3 /* Docs */,
				1C748C291C21952C0024EED2 /* WhateverGreen */,
				CE41E4F81F2C4B5700AA5944 /* WhateverName */,
				CE405EC81E49DD7B00AA0B3D /* SDK */,
				1C748C281C21952C0024EED2 /* Products */,
			);
			sourceTree = "<group>";
		};
		1C748C281C21952C0024EED2 /* Products */ = {
			isa = PBXGroup;
			children = (
				1C748C271C21952C0024EED2 /* WhateverGreen.kext */,
			);
			name = Products;
			sourceTree = "<group>";
		};
		1C748C291C21952C0024EED2 /* WhateverGreen */ = {
			isa = PBXGroup;
			children = (
				1C748C2C1C21952C0024EED2 /* kern_start.cpp */,
				CEB402A71F181D8300716912 /* kern_atom.hpp */,
				CE271B481F300B6200D2BC1C /* kern_audio.cpp */,
				CE271B491F300B6200D2BC1C /* kern_audio.hpp */,
				CEB402A41F17F5C400716912 /* kern_con.hpp */,
				1C9CB7AE1C789FF500231E41 /* kern_rad.cpp */,
				1C9CB7AF1C789FF500231E41 /* kern_rad.hpp */,
				CE8190A11F1E3ECE00DE95F4 /* kern_model.cpp */,
				1C748C2E1C21952C0024EED2 /* Info.plist */,
			);
			path = WhateverGreen;
			sourceTree = "<group>";
		};
		1CF01C911C8CF982002DCEA3 /* Docs */ = {
			isa = PBXGroup;
			children = (
				CEAEA1151F26905A00918651 /* Manual */,
				1CF01C921C8CF997002DCEA3 /* Changelog.md */,
				1CF01C931C8DF02E002DCEA3 /* LICENSE.txt */,
				1CF01C901C8CF97F002DCEA3 /* README.md */,
			);
			name = Docs;
			sourceTree = "<group>";
		};
		CE405EB91E49DD7100AA0B3D /* Headers */ = {
			isa = PBXGroup;
			children = (
				CE405ED21E49F9FC00AA0B3D /* kern_api.hpp */,
				CE405ECF1E49EC9100AA0B3D /* kern_config.hpp */,
				CE405EBA1E49DD7100AA0B3D /* kern_compression.hpp */,
				CE405EBB1E49DD7100AA0B3D /* kern_disasm.hpp */,
				CE405EBC1E49DD7100AA0B3D /* kern_file.hpp */,
				CE405EBD1E49DD7100AA0B3D /* kern_iokit.hpp */,
				CE405EBE1E49DD7100AA0B3D /* kern_mach.hpp */,
				CE405EBF1E49DD7100AA0B3D /* kern_patcher.hpp */,
				CE405EC01E49DD7100AA0B3D /* kern_policy.hpp */,
				CE405EC31E49DD7100AA0B3D /* kern_user.hpp */,
				CE405EC41E49DD7100AA0B3D /* kern_util.hpp */,
				CE405EDA1E4A080F00AA0B3D /* plugin_start.hpp */,
			);
			name = Headers;
			path = Lilu.kext/Contents/Resources/Headers;
			sourceTree = SOURCE_ROOT;
		};
		CE405EC51E49DD7100AA0B3D /* Library */ = {
			isa = PBXGroup;
			children = (
				CE405EC61E49DD7100AA0B3D /* LegacyIOService.h */,
				CE405EC71E49DD7100AA0B3D /* libkmod.a */,
				CE405ED81E4A080700AA0B3D /* plugin_start.cpp */,
			);
			name = Library;
			path = Lilu.kext/Contents/Resources/Library;
			sourceTree = SOURCE_ROOT;
		};
		CE405EC81E49DD7B00AA0B3D /* SDK */ = {
			isa = PBXGroup;
			children = (
				CE405EB91E49DD7100AA0B3D /* Headers */,
				CE405EC51E49DD7100AA0B3D /* Library */,
			);
			name = SDK;
			sourceTree = "<group>";
		};
		CE41E4F81F2C4B5700AA5944 /* WhateverName */ = {
			isa = PBXGroup;
			children = (
				CE41E4F91F2C4B5700AA5944 /* build.tool */,
				CE41E4FA1F2C4B5700AA5944 /* rd_route.c */,
				CE41E4FB1F2C4B5700AA5944 /* rd_route.h */,
				CE41E4FC1F2C4B5700AA5944 /* WhateverName.mm */,
				CE41E4FE1F2C547200AA5944 /* WhateverName.app */,
			);
			path = WhateverName;
			sourceTree = "<group>";
		};
		CEAEA1151F26905A00918651 /* Manual */ = {
			isa = PBXGroup;
			children = (
				CEAEA1171F26905A00918651 /* FAQ.en.md */,
				CEAEA1181F26905A00918651 /* FAQ.ru.md */,
				CE271B4C1F319BD000D2BC1C /* reference.cpp */,
				CEAEA1191F26905A00918651 /* Sample.dsl */,
			);
			path = Manual;
			sourceTree = "<group>";
		};
/* End PBXGroup section */

/* Begin PBXHeadersBuildPhase section */
		1C748C241C21952C0024EED2 /* Headers */ = {
			isa = PBXHeadersBuildPhase;
			buildActionMask = 2147483647;
			files = (
				1C9CB7B11C789FF500231E41 /* kern_rad.hpp in Headers */,
				CE271B4B1F300B6200D2BC1C /* kern_audio.hpp in Headers */,
				CEB402A61F17F5C400716912 /* kern_con.hpp in Headers */,
			);
			runOnlyForDeploymentPostprocessing = 0;
		};
/* End PBXHeadersBuildPhase section */

/* Begin PBXNativeTarget section */
		1C748C261C21952C0024EED2 /* WhateverGreen */ = {
			isa = PBXNativeTarget;
			buildConfigurationList = 1C748C311C21952C0024EED2 /* Build configuration list for PBXNativeTarget "WhateverGreen" */;
			buildPhases = (
				1C748C221C21952C0024EED2 /* Sources */,
				1C748C231C21952C0024EED2 /* Frameworks */,
				1C748C241C21952C0024EED2 /* Headers */,
				1C642F521C8F157A006B4C51 /* CopyFiles */,
				CE131D6A1FB728990036C3A0 /* Archive */,
			);
			buildRules = (
			);
			dependencies = (
			);
			name = WhateverGreen;
			productName = WhateverGreen;
			productReference = 1C748C271C21952C0024EED2 /* WhateverGreen.kext */;
			productType = "com.apple.product-type.kernel-extension";
		};
/* End PBXNativeTarget section */

/* Begin PBXProject section */
		1C748C1E1C21952C0024EED2 /* Project object */ = {
			isa = PBXProject;
			attributes = {
				LastUpgradeCheck = 0930;
				ORGANIZATIONNAME = vit9696;
				TargetAttributes = {
					1C748C261C21952C0024EED2 = {
						CreatedOnToolsVersion = 7.2;
					};
				};
			};
			buildConfigurationList = 1C748C211C21952C0024EED2 /* Build configuration list for PBXProject "WhateverGreen" */;
			compatibilityVersion = "Xcode 3.2";
			developmentRegion = English;
			hasScannedForEncodings = 0;
			knownRegions = (
				en,
			);
			mainGroup = 1C748C1D1C21952C0024EED2;
			productRefGroup = 1C748C281C21952C0024EED2 /* Products */;
			projectDirPath = "";
			projectRoot = "";
			targets = (
				1C748C261C21952C0024EED2 /* WhateverGreen */,
			);
		};
/* End PBXProject section */

/* Begin PBXShellScriptBuildPhase section */
		CE131D6A1FB728990036C3A0 /* Archive */ = {
			isa = PBXShellScriptBuildPhase;
			buildActionMask = 2147483647;
			files = (
			);
			inputPaths = (
			);
			name = Archive;
			outputPaths = (
			);
			runOnlyForDeploymentPostprocessing = 0;
			shellPath = /bin/bash;
			shellScript = "cd \"${TARGET_BUILD_DIR}\"\n\ndist=(\"$FULL_PRODUCT_NAME\")\nif [ -d \"$DWARF_DSYM_FILE_NAME\" ]; then dist+=(\"$DWARF_DSYM_FILE_NAME\"); fi\nif [ -d \"$SOURCE_ROOT/Prebuilt/WhateverName.app\" ]; then\n  rm -rf \"WhateverName.app\"\n  cp -a \"$SOURCE_ROOT/Prebuilt/WhateverName.app\" \"WhateverName.app\"\n  dist+=(\"WhateverName.app\");\nfi\n\narchive=\"${MODULE_VERSION} ($(echo $CONFIGURATION | tr /a-z/ /A-Z/)).zip\"\nrm -rf *.zip\nif [ \"$CONFIGURATION\" == \"Release\" ]; then\n  strip -x -T \"${EXECUTABLE_PATH}\" &>/dev/null || strip -x \"${EXECUTABLE_PATH}\"\nfi\nzip -qry \"${archive}\" \"${dist[@]}\"\nrm -rf \"WhateverName.app\"\n";
		};
/* End PBXShellScriptBuildPhase section */

/* Begin PBXSourcesBuildPhase section */
		1C748C221C21952C0024EED2 /* Sources */ = {
			isa = PBXSourcesBuildPhase;
			buildActionMask = 2147483647;
			files = (
				1C9CB7B01C789FF500231E41 /* kern_rad.cpp in Sources */,
				CE271B4A1F300B6200D2BC1C /* kern_audio.cpp in Sources */,
				CE8190A21F1E3ECE00DE95F4 /* kern_model.cpp in Sources */,
				CE405ED91E4A080700AA0B3D /* plugin_start.cpp in Sources */,
				1C748C2D1C21952C0024EED2 /* kern_start.cpp in Sources */,
			);
			runOnlyForDeploymentPostprocessing = 0;
		};
/* End PBXSourcesBuildPhase section */

/* Begin XCBuildConfiguration section */
		1C748C2F1C21952C0024EED2 /* Debug */ = {
			isa = XCBuildConfiguration;
			buildSettings = {
				ALWAYS_SEARCH_USER_PATHS = NO;
				CLANG_CXX_LANGUAGE_STANDARD = "c++1y";
				CLANG_CXX_LIBRARY = "libc++";
				CLANG_WARN_BLOCK_CAPTURE_AUTORELEASING = YES;
				CLANG_WARN_BOOL_CONVERSION = YES;
				CLANG_WARN_COMMA = YES;
				CLANG_WARN_CONSTANT_CONVERSION = YES;
				CLANG_WARN_DEPRECATED_OBJC_IMPLEMENTATIONS = YES;
				CLANG_WARN_DIRECT_OBJC_ISA_USAGE = YES_ERROR;
				CLANG_WARN_EMPTY_BODY = YES;
				CLANG_WARN_ENUM_CONVERSION = YES;
				CLANG_WARN_INFINITE_RECURSION = YES;
				CLANG_WARN_INT_CONVERSION = YES;
				CLANG_WARN_NON_LITERAL_NULL_CONVERSION = YES;
				CLANG_WARN_OBJC_IMPLICIT_RETAIN_SELF = YES;
				CLANG_WARN_OBJC_LITERAL_CONVERSION = YES;
				CLANG_WARN_OBJC_ROOT_CLASS = YES_ERROR;
				CLANG_WARN_RANGE_LOOP_ANALYSIS = YES;
				CLANG_WARN_STRICT_PROTOTYPES = YES;
				CLANG_WARN_SUSPICIOUS_MOVE = YES;
				CLANG_WARN_UNREACHABLE_CODE = YES;
				CLANG_WARN__DUPLICATE_METHOD_MATCH = YES;
				DEBUG_INFORMATION_FORMAT = dwarf;
				ENABLE_STRICT_OBJC_MSGSEND = YES;
				ENABLE_TESTABILITY = YES;
				GCC_C_LANGUAGE_STANDARD = c11;
				GCC_NO_COMMON_BLOCKS = YES;
				GCC_OPTIMIZATION_LEVEL = 0;
				GCC_PREPROCESSOR_DEFINITIONS = (
					"DEBUG=1",
					"$(inherited)",
				);
				GCC_SYMBOLS_PRIVATE_EXTERN = YES;
				GCC_WARN_64_TO_32_BIT_CONVERSION = YES;
				GCC_WARN_ABOUT_RETURN_TYPE = YES_ERROR;
				GCC_WARN_UNDECLARED_SELECTOR = YES;
				GCC_WARN_UNINITIALIZED_AUTOS = YES_AGGRESSIVE;
				GCC_WARN_UNUSED_FUNCTION = YES;
				GCC_WARN_UNUSED_VARIABLE = YES;
				ONLY_ACTIVE_ARCH = YES;
				SDKROOT = macosx;
			};
			name = Debug;
		};
		1C748C301C21952C0024EED2 /* Release */ = {
			isa = XCBuildConfiguration;
			buildSettings = {
				ALWAYS_SEARCH_USER_PATHS = NO;
				CLANG_CXX_LANGUAGE_STANDARD = "c++1y";
				CLANG_CXX_LIBRARY = "libc++";
				CLANG_WARN_BLOCK_CAPTURE_AUTORELEASING = YES;
				CLANG_WARN_BOOL_CONVERSION = YES;
				CLANG_WARN_COMMA = YES;
				CLANG_WARN_CONSTANT_CONVERSION = YES;
				CLANG_WARN_DEPRECATED_OBJC_IMPLEMENTATIONS = YES;
				CLANG_WARN_DIRECT_OBJC_ISA_USAGE = YES_ERROR;
				CLANG_WARN_EMPTY_BODY = YES;
				CLANG_WARN_ENUM_CONVERSION = YES;
				CLANG_WARN_INFINITE_RECURSION = YES;
				CLANG_WARN_INT_CONVERSION = YES;
				CLANG_WARN_NON_LITERAL_NULL_CONVERSION = YES;
				CLANG_WARN_OBJC_IMPLICIT_RETAIN_SELF = YES;
				CLANG_WARN_OBJC_LITERAL_CONVERSION = YES;
				CLANG_WARN_OBJC_ROOT_CLASS = YES_ERROR;
				CLANG_WARN_RANGE_LOOP_ANALYSIS = YES;
				CLANG_WARN_STRICT_PROTOTYPES = YES;
				CLANG_WARN_SUSPICIOUS_MOVE = YES;
				CLANG_WARN_UNREACHABLE_CODE = YES;
				CLANG_WARN__DUPLICATE_METHOD_MATCH = YES;
				DEBUG_INFORMATION_FORMAT = "dwarf-with-dsym";
				ENABLE_STRICT_OBJC_MSGSEND = YES;
				GCC_C_LANGUAGE_STANDARD = c11;
				GCC_NO_COMMON_BLOCKS = YES;
				GCC_OPTIMIZATION_LEVEL = 3;
				GCC_SYMBOLS_PRIVATE_EXTERN = YES;
				GCC_UNROLL_LOOPS = YES;
				GCC_WARN_64_TO_32_BIT_CONVERSION = YES;
				GCC_WARN_ABOUT_RETURN_TYPE = YES_ERROR;
				GCC_WARN_UNDECLARED_SELECTOR = YES;
				GCC_WARN_UNINITIALIZED_AUTOS = YES_AGGRESSIVE;
				GCC_WARN_UNUSED_FUNCTION = YES;
				GCC_WARN_UNUSED_VARIABLE = YES;
				SDKROOT = macosx;
			};
			name = Release;
		};
		1C748C321C21952C0024EED2 /* Debug */ = {
			isa = XCBuildConfiguration;
			buildSettings = {
				CLANG_ENABLE_OBJC_WEAK = YES;
				COPY_PHASE_STRIP = NO;
				CURRENT_PROJECT_VERSION = "$(MODULE_VERSION)";
				DEPLOYMENT_POSTPROCESSING = YES;
				GCC_ENABLE_FLOATING_POINT_LIBRARY_CALLS = NO;
				GCC_ENABLE_KERNEL_DEVELOPMENT = NO;
				GCC_GENERATE_DEBUGGING_SYMBOLS = NO;
				GCC_PREPROCESSOR_DEFINITIONS = (
					"MODULE_VERSION=$(MODULE_VERSION)",
					"PRODUCT_NAME=$(PRODUCT_NAME)",
					"$(inherited)",
				);
				HEADER_SEARCH_PATHS = "${PROJECT_DIR}/Lilu.kext/Contents/Resources";
				INFOPLIST_FILE = WhateverGreen/Info.plist;
				LIBRARY_SEARCH_PATHS = (
					"$(inherited)",
					"$(PROJECT_DIR)/Lilu.kext/Contents/Resources/Library",
				);
				MACOSX_DEPLOYMENT_TARGET = 10.8;
				MODULE_NAME = as.vit9696.WhateverGreen;
				MODULE_START = "$(PRODUCT_NAME)_kern_start";
				MODULE_STOP = "$(PRODUCT_NAME)_kern_stop";
				MODULE_VERSION = 1.1.8;
				OTHER_CFLAGS = (
					"-mmmx",
					"-msse",
					"-msse2",
					"-msse3",
					"-mfpmath=sse",
					"-mssse3",
					"-ftree-vectorize",
					"-fno-non-call-exceptions",
					"-fno-builtin",
					"-fno-asynchronous-unwind-tables",
				);
				OTHER_LDFLAGS = "-static";
				PRODUCT_BUNDLE_IDENTIFIER = "$(MODULE_NAME)";
				PRODUCT_NAME = "$(TARGET_NAME)";
				WRAPPER_EXTENSION = kext;
			};
			name = Debug;
		};
		1C748C331C21952C0024EED2 /* Release */ = {
			isa = XCBuildConfiguration;
			buildSettings = {
				CLANG_ENABLE_OBJC_WEAK = YES;
				CURRENT_PROJECT_VERSION = "$(MODULE_VERSION)";
				DEAD_CODE_STRIPPING = YES;
				DEPLOYMENT_POSTPROCESSING = YES;
				GCC_ENABLE_FLOATING_POINT_LIBRARY_CALLS = NO;
				GCC_ENABLE_KERNEL_DEVELOPMENT = NO;
				GCC_GENERATE_DEBUGGING_SYMBOLS = YES;
				GCC_PREPROCESSOR_DEFINITIONS = (
					"MODULE_VERSION=$(MODULE_VERSION)",
					"PRODUCT_NAME=$(PRODUCT_NAME)",
				);
				HEADER_SEARCH_PATHS = "${PROJECT_DIR}/Lilu.kext/Contents/Resources";
				INFOPLIST_FILE = WhateverGreen/Info.plist;
				LIBRARY_SEARCH_PATHS = (
					"$(inherited)",
					"$(PROJECT_DIR)/Lilu.kext/Contents/Resources/Library",
				);
				LLVM_LTO = YES;
				MACOSX_DEPLOYMENT_TARGET = 10.8;
				MODULE_NAME = as.vit9696.WhateverGreen;
				MODULE_START = "$(PRODUCT_NAME)_kern_start";
				MODULE_STOP = "$(PRODUCT_NAME)_kern_stop";
				MODULE_VERSION = 1.1.8;
				OTHER_CFLAGS = (
					"-mmmx",
					"-msse",
					"-msse2",
					"-msse3",
					"-mfpmath=sse",
					"-mssse3",
					"-ftree-vectorize",
					"-fno-non-call-exceptions",
					"-fno-builtin",
					"-fno-asynchronous-unwind-tables",
				);
				OTHER_LDFLAGS = "-static";
				PRODUCT_BUNDLE_IDENTIFIER = "$(MODULE_NAME)";
				PRODUCT_NAME = "$(TARGET_NAME)";
				STRIP_STYLE = "non-global";
				WRAPPER_EXTENSION = kext;
			};
			name = Release;
		};
/* End XCBuildConfiguration section */

/* Begin XCConfigurationList section */
		1C748C211C21952C0024EED2 /* Build configuration list for PBXProject "WhateverGreen" */ = {
			isa = XCConfigurationList;
			buildConfigurations = (
				1C748C2F1C21952C0024EED2 /* Debug */,
				1C748C301C21952C0024EED2 /* Release */,
			);
			defaultConfigurationIsVisible = 0;
			defaultConfigurationName = Release;
		};
		1C748C311C21952C0024EED2 /* Build configuration list for PBXNativeTarget "WhateverGreen" */ = {
			isa = XCConfigurationList;
			buildConfigurations = (
				1C748C321C21952C0024EED2 /* Debug */,
				1C748C331C21952C0024EED2 /* Release */,
			);
			defaultConfigurationIsVisible = 0;
			defaultConfigurationName = Release;
		};
/* End XCConfigurationList section */
	};
	rootObject = 1C748C1E1C21952C0024EED2 /* Project object */;
}
